
Microsoft Visual Studio Solution File, Format Version 12.00
# Visual Studio 2013
VisualStudioVersion = 12.0.31101.0
MinimumVisualStudioVersion = 10.0.40219.1
Project("{FAE04EC0-301F-11D3-BF4B-00C04F79EFBC}") = "SpecFlowProject", "SpecFlowProject\SpecFlowProject.csproj", "{0E93B7B3-98C2-44BA-A791-C905EE68DA0C}"
	ProjectSection(ProjectDependencies) = postProject
		{C3D98F0A-590F-408F-8F05-4DDA1CF2DB26} = {C3D98F0A-590F-408F-8F05-4DDA1CF2DB26}
	EndProjectSection
EndProject
Project("{FAE04EC0-301F-11D3-BF4B-00C04F79EFBC}") = "SeleniumProject", "SeleniumProject\SeleniumProject.csproj", "{C3D98F0A-590F-408F-8F05-4DDA1CF2DB26}"
EndProject
Project("{2150E333-8FDC-42A3-9474-1A3956D46DE8}") = "Solution Items", "Solution Items", "{BEAB4410-A77F-480A-AB40-A4284A873D97}"
EndProject
Global
	GlobalSection(SolutionConfigurationPlatforms) = preSolution
		Debug|Any CPU = Debug|Any CPU
		Release|Any CPU = Release|Any CPU
	EndGlobalSection
	GlobalSection(ProjectConfigurationPlatforms) = postSolution
		{0E93B7B3-98C2-44BA-A791-C905EE68DA0C}.Debug|Any CPU.ActiveCfg = Release|Any CPU
		{0E93B7B3-98C2-44BA-A791-C905EE68DA0C}.Debug|Any CPU.Build.0 = Release|Any CPU
		{0E93B7B3-98C2-44BA-A791-C905EE68DA0C}.Release|Any CPU.ActiveCfg = Release|Any CPU
		{0E93B7B3-98C2-44BA-A791-C905EE68DA0C}.Release|Any CPU.Build.0 = Release|Any CPU
		{C3D98F0A-590F-408F-8F05-4DDA1CF2DB26}.Debug|Any CPU.ActiveCfg = Release|Any CPU
		{C3D98F0A-590F-408F-8F05-4DDA1CF2DB26}.Debug|Any CPU.Build.0 = Release|Any CPU
		{C3D98F0A-590F-408F-8F05-4DDA1CF2DB26}.Debug|Any CPU.Deploy.0 = Release|Any CPU
		{C3D98F0A-590F-408F-8F05-4DDA1CF2DB26}.Release|Any CPU.ActiveCfg = Release|Any CPU
		{C3D98F0A-590F-408F-8F05-4DDA1CF2DB26}.Release|Any CPU.Build.0 = Release|Any CPU
	EndGlobalSection
	GlobalSection(SolutionProperties) = preSolution
		HideSolutionNode = FALSE
	EndGlobalSection
EndGlobal
